
Microsoft Visual Studio Solution File, Format Version 12.00
# Visual Studio 2012
Project("{FAE04EC0-301F-11D3-BF4B-00C04F79EFBC}") = "IB_Multileg_Orders_Winforms_CS", "IB_Multileg_Orders_Winforms_CS\IB_Multileg_Orders_Winforms_CS.csproj", "{7520A765-5295-4C3B-8459-1D27E646B095}"
EndProject
Global
	GlobalSection(SolutionConfigurationPlatforms) = preSolution
		Debug|Any CPU = Debug|Any CPU
		Release|Any CPU = Release|Any CPU
	EndGlobalSection
	GlobalSection(ProjectConfigurationPlatforms) = postSolution
		{7520A765-5295-4C3B-8459-1D27E646B095}.Debug|Any CPU.ActiveCfg = Debug|Any CPU
		{7520A765-5295-4C3B-8459-1D27E646B095}.Debug|Any CPU.Build.0 = Debug|Any CPU
		{7520A765-5295-4C3B-8459-1D27E646B095}.Release|Any CPU.ActiveCfg = Release|Any CPU
		{7520A765-5295-4C3B-8459-1D27E646B095}.Release|Any CPU.Build.0 = Release|Any CPU
	EndGlobalSection
	GlobalSection(SolutionProperties) = preSolution
		HideSolutionNode = FALSE
	EndGlobalSection
EndGlobal
